
Microsoft Visual Studio Solution File, Format Version 12.00
# Visual Studio Version 16
VisualStudioVersion = 16.0.30523.141
MinimumVisualStudioVersion = 10.0.40219.1
Project("{FAE04EC0-301F-11D3-BF4B-00C04F79EFBC}") = "CG.Options", "CG.Options\CG.Options.csproj", "{E376112E-CAB2-463F-8E17-31D0B182A797}"
EndProject
Project("{FAE04EC0-301F-11D3-BF4B-00C04F79EFBC}") = "CG.Options.Tests", "..\tests\CG.Options.Tests\CG.Options.Tests.csproj", "{3217D718-AC9F-4055-81A3-1BAE0F13E254}"
EndProject
Global
	GlobalSection(SolutionConfigurationPlatforms) = preSolution
		Debug|Any CPU = Debug|Any CPU
		Release|Any CPU = Release|Any CPU
	EndGlobalSection
	GlobalSection(ProjectConfigurationPlatforms) = postSolution
		{E376112E-CAB2-463F-8E17-31D0B182A797}.Debug|Any CPU.ActiveCfg = Debug|Any CPU
		{E376112E-CAB2-463F-8E17-31D0B182A797}.Debug|Any CPU.Build.0 = Debug|Any CPU
		{E376112E-CAB2-463F-8E17-31D0B182A797}.Release|Any CPU.ActiveCfg = Release|Any CPU
		{E376112E-CAB2-463F-8E17-31D0B182A797}.Release|Any CPU.Build.0 = Release|Any CPU
		{3217D718-AC9F-4055-81A3-1BAE0F13E254}.Debug|Any CPU.ActiveCfg = Debug|Any CPU
		{3217D718-AC9F-4055-81A3-1BAE0F13E254}.Debug|Any CPU.Build.0 = Debug|Any CPU
		{3217D718-AC9F-4055-81A3-1BAE0F13E254}.Release|Any CPU.ActiveCfg = Release|Any CPU
		{3217D718-AC9F-4055-81A3-1BAE0F13E254}.Release|Any CPU.Build.0 = Release|Any CPU
	EndGlobalSection
	GlobalSection(SolutionProperties) = preSolution
		HideSolutionNode = FALSE
	EndGlobalSection
	GlobalSection(ExtensibilityGlobals) = postSolution
		SolutionGuid = {225CBCF7-BEAA-4890-BB26-A5A7CFB1B0AF}
	EndGlobalSection
EndGlobal
